// !$*UTF8*$!
{
	archiveVersion = 1;
	classes = {
	};
	objectVersion = 50;
	objects = {

/* Begin PBXBuildFile section */
		87EBDFB02351831700CBCF67 /* MTA Arrival Times WatchKit App.app in Embed Watch Content */ = {isa = PBXBuildFile; fileRef = 87EBDFAF2351831700CBCF67 /* MTA Arrival Times WatchKit App.app */; settings = {ATTRIBUTES = (RemoveHeadersOnCopy, ); }; };
		87EBDFB62351831700CBCF67 /* Interface.storyboard in Resources */ = {isa = PBXBuildFile; fileRef = 87EBDFB42351831700CBCF67 /* Interface.storyboard */; };
		87EBDFB82351831900CBCF67 /* Assets.xcassets in Resources */ = {isa = PBXBuildFile; fileRef = 87EBDFB72351831900CBCF67 /* Assets.xcassets */; };
		87EBDFBF2351831900CBCF67 /* MTA Arrival Times WatchKit Extension.appex in Embed App Extensions */ = {isa = PBXBuildFile; fileRef = 87EBDFBE2351831900CBCF67 /* MTA Arrival Times WatchKit Extension.appex */; settings = {ATTRIBUTES = (RemoveHeadersOnCopy, ); }; };
		87EBDFC42351831900CBCF67 /* ContentView.swift in Sources */ = {isa = PBXBuildFile; fileRef = 87EBDFC32351831900CBCF67 /* ContentView.swift */; };
		87EBDFC62351831900CBCF67 /* HostingController.swift in Sources */ = {isa = PBXBuildFile; fileRef = 87EBDFC52351831900CBCF67 /* HostingController.swift */; };
		87EBDFC82351831900CBCF67 /* ExtensionDelegate.swift in Sources */ = {isa = PBXBuildFile; fileRef = 87EBDFC72351831900CBCF67 /* ExtensionDelegate.swift */; };
		87EBDFCA2351831900CBCF67 /* ComplicationController.swift in Sources */ = {isa = PBXBuildFile; fileRef = 87EBDFC92351831900CBCF67 /* ComplicationController.swift */; };
		87EBDFCC2351831900CBCF67 /* Assets.xcassets in Resources */ = {isa = PBXBuildFile; fileRef = 87EBDFCB2351831900CBCF67 /* Assets.xcassets */; };
		87EBDFCF2351831900CBCF67 /* Preview Assets.xcassets in Resources */ = {isa = PBXBuildFile; fileRef = 87EBDFCE2351831900CBCF67 /* Preview Assets.xcassets */; };
/* End PBXBuildFile section */

/* Begin PBXContainerItemProxy section */
		87EBDFB12351831700CBCF67 /* PBXContainerItemProxy */ = {
			isa = PBXContainerItemProxy;
			containerPortal = 87EBDFA52351831700CBCF67 /* Project object */;
			proxyType = 1;
			remoteGlobalIDString = 87EBDFAE2351831700CBCF67;
			remoteInfo = "MTA Arrival Times WatchKit App";
		};
		87EBDFC02351831900CBCF67 /* PBXContainerItemProxy */ = {
			isa = PBXContainerItemProxy;
			containerPortal = 87EBDFA52351831700CBCF67 /* Project object */;
			proxyType = 1;
			remoteGlobalIDString = 87EBDFBD2351831900CBCF67;
			remoteInfo = "MTA Arrival Times WatchKit Extension";
		};
/* End PBXContainerItemProxy section */

/* Begin PBXCopyFilesBuildPhase section */
		87EBDFD62351831900CBCF67 /* Embed App Extensions */ = {
			isa = PBXCopyFilesBuildPhase;
			buildActionMask = 2147483647;
			dstPath = "";
			dstSubfolderSpec = 13;
			files = (
				87EBDFBF2351831900CBCF67 /* MTA Arrival Times WatchKit Extension.appex in Embed App Extensions */,
			);
			name = "Embed App Extensions";
			runOnlyForDeploymentPostprocessing = 0;
		};
		87EBDFDA2351831900CBCF67 /* Embed Watch Content */ = {
			isa = PBXCopyFilesBuildPhase;
			buildActionMask = 2147483647;
			dstPath = "$(CONTENTS_FOLDER_PATH)/Watch";
			dstSubfolderSpec = 16;
			files = (
				87EBDFB02351831700CBCF67 /* MTA Arrival Times WatchKit App.app in Embed Watch Content */,
			);
			name = "Embed Watch Content";
			runOnlyForDeploymentPostprocessing = 0;
		};
/* End PBXCopyFilesBuildPhase section */

/* Begin PBXFileReference section */
		87EBDFAB2351831700CBCF67 /* MTA Arrival Times.app */ = {isa = PBXFileReference; explicitFileType = wrapper.application; includeInIndex = 0; path = "MTA Arrival Times.app"; sourceTree = BUILT_PRODUCTS_DIR; };
		87EBDFAF2351831700CBCF67 /* MTA Arrival Times WatchKit App.app */ = {isa = PBXFileReference; explicitFileType = wrapper.application; includeInIndex = 0; path = "MTA Arrival Times WatchKit App.app"; sourceTree = BUILT_PRODUCTS_DIR; };
		87EBDFB52351831700CBCF67 /* Base */ = {isa = PBXFileReference; lastKnownFileType = file.storyboard; name = Base; path = Base.lproj/Interface.storyboard; sourceTree = "<group>"; };
		87EBDFB72351831900CBCF67 /* Assets.xcassets */ = {isa = PBXFileReference; lastKnownFileType = folder.assetcatalog; path = Assets.xcassets; sourceTree = "<group>"; };
		87EBDFB92351831900CBCF67 /* Info.plist */ = {isa = PBXFileReference; lastKnownFileType = text.plist.xml; path = Info.plist; sourceTree = "<group>"; };
		87EBDFBE2351831900CBCF67 /* MTA Arrival Times WatchKit Extension.appex */ = {isa = PBXFileReference; explicitFileType = "wrapper.app-extension"; includeInIndex = 0; path = "MTA Arrival Times WatchKit Extension.appex"; sourceTree = BUILT_PRODUCTS_DIR; };
		87EBDFC32351831900CBCF67 /* ContentView.swift */ = {isa = PBXFileReference; lastKnownFileType = sourcecode.swift; path = ContentView.swift; sourceTree = "<group>"; };
		87EBDFC52351831900CBCF67 /* HostingController.swift */ = {isa = PBXFileReference; lastKnownFileType = sourcecode.swift; path = HostingController.swift; sourceTree = "<group>"; };
		87EBDFC72351831900CBCF67 /* ExtensionDelegate.swift */ = {isa = PBXFileReference; lastKnownFileType = sourcecode.swift; path = ExtensionDelegate.swift; sourceTree = "<group>"; };
		87EBDFC92351831900CBCF67 /* ComplicationController.swift */ = {isa = PBXFileReference; lastKnownFileType = sourcecode.swift; path = ComplicationController.swift; sourceTree = "<group>"; };
		87EBDFCB2351831900CBCF67 /* Assets.xcassets */ = {isa = PBXFileReference; lastKnownFileType = folder.assetcatalog; path = Assets.xcassets; sourceTree = "<group>"; };
		87EBDFCE2351831900CBCF67 /* Preview Assets.xcassets */ = {isa = PBXFileReference; lastKnownFileType = folder.assetcatalog; path = "Preview Assets.xcassets"; sourceTree = "<group>"; };
		87EBDFD02351831900CBCF67 /* Info.plist */ = {isa = PBXFileReference; lastKnownFileType = text.plist.xml; path = Info.plist; sourceTree = "<group>"; };
/* End PBXFileReference section */

/* Begin PBXFrameworksBuildPhase section */
		87EBDFBB2351831900CBCF67 /* Frameworks */ = {
			isa = PBXFrameworksBuildPhase;
			buildActionMask = 2147483647;
			files = (
			);
			runOnlyForDeploymentPostprocessing = 0;
		};
/* End PBXFrameworksBuildPhase section */

/* Begin PBXGroup section */
		87EBDFA42351831700CBCF67 = {
			isa = PBXGroup;
			children = (
				87EBDFB32351831700CBCF67 /* MTA Arrival Times WatchKit App */,
				87EBDFC22351831900CBCF67 /* MTA Arrival Times WatchKit Extension */,
				87EBDFAC2351831700CBCF67 /* Products */,
			);
			sourceTree = "<group>";
		};
		87EBDFAC2351831700CBCF67 /* Products */ = {
			isa = PBXGroup;
			children = (
				87EBDFAB2351831700CBCF67 /* MTA Arrival Times.app */,
				87EBDFAF2351831700CBCF67 /* MTA Arrival Times WatchKit App.app */,
				87EBDFBE2351831900CBCF67 /* MTA Arrival Times WatchKit Extension.appex */,
			);
			name = Products;
			sourceTree = "<group>";
		};
		87EBDFB32351831700CBCF67 /* MTA Arrival Times WatchKit App */ = {
			isa = PBXGroup;
			children = (
				87EBDFB42351831700CBCF67 /* Interface.storyboard */,
				87EBDFB72351831900CBCF67 /* Assets.xcassets */,
				87EBDFB92351831900CBCF67 /* Info.plist */,
			);
			path = "MTA Arrival Times WatchKit App";
			sourceTree = "<group>";
		};
		87EBDFC22351831900CBCF67 /* MTA Arrival Times WatchKit Extension */ = {
			isa = PBXGroup;
			children = (
				87EBDFC32351831900CBCF67 /* ContentView.swift */,
				87EBDFC52351831900CBCF67 /* HostingController.swift */,
				87EBDFC72351831900CBCF67 /* ExtensionDelegate.swift */,
				87EBDFC92351831900CBCF67 /* ComplicationController.swift */,
				87EBDFCB2351831900CBCF67 /* Assets.xcassets */,
				87EBDFD02351831900CBCF67 /* Info.plist */,
				87EBDFCD2351831900CBCF67 /* Preview Content */,
			);
			path = "MTA Arrival Times WatchKit Extension";
			sourceTree = "<group>";
		};
		87EBDFCD2351831900CBCF67 /* Preview Content */ = {
			isa = PBXGroup;
			children = (
				87EBDFCE2351831900CBCF67 /* Preview Assets.xcassets */,
			);
			path = "Preview Content";
			sourceTree = "<group>";
		};
/* End PBXGroup section */

/* Begin PBXNativeTarget section */
		87EBDFAA2351831700CBCF67 /* MTA Arrival Times */ = {
			isa = PBXNativeTarget;
			buildConfigurationList = 87EBDFDB2351831900CBCF67 /* Build configuration list for PBXNativeTarget "MTA Arrival Times" */;
			buildPhases = (
				87EBDFA92351831700CBCF67 /* Resources */,
				87EBDFDA2351831900CBCF67 /* Embed Watch Content */,
			);
			buildRules = (
			);
			dependencies = (
				87EBDFB22351831700CBCF67 /* PBXTargetDependency */,
			);
			name = "MTA Arrival Times";
			productName = "MTA Arrival Times";
			productReference = 87EBDFAB2351831700CBCF67 /* MTA Arrival Times.app */;
			productType = "com.apple.product-type.application.watchapp2-container";
		};
		87EBDFAE2351831700CBCF67 /* MTA Arrival Times WatchKit App */ = {
			isa = PBXNativeTarget;
			buildConfigurationList = 87EBDFD72351831900CBCF67 /* Build configuration list for PBXNativeTarget "MTA Arrival Times WatchKit App" */;
			buildPhases = (
				87EBDFAD2351831700CBCF67 /* Resources */,
				87EBDFD62351831900CBCF67 /* Embed App Extensions */,
			);
			buildRules = (
			);
			dependencies = (
				87EBDFC12351831900CBCF67 /* PBXTargetDependency */,
			);
			name = "MTA Arrival Times WatchKit App";
			productName = "MTA Arrival Times WatchKit App";
			productReference = 87EBDFAF2351831700CBCF67 /* MTA Arrival Times WatchKit App.app */;
			productType = "com.apple.product-type.application.watchapp2";
		};
		87EBDFBD2351831900CBCF67 /* MTA Arrival Times WatchKit Extension */ = {
			isa = PBXNativeTarget;
			buildConfigurationList = 87EBDFD32351831900CBCF67 /* Build configuration list for PBXNativeTarget "MTA Arrival Times WatchKit Extension" */;
			buildPhases = (
				87EBDFBA2351831900CBCF67 /* Sources */,
				87EBDFBB2351831900CBCF67 /* Frameworks */,
				87EBDFBC2351831900CBCF67 /* Resources */,
			);
			buildRules = (
			);
			dependencies = (
			);
			name = "MTA Arrival Times WatchKit Extension";
			productName = "MTA Arrival Times WatchKit Extension";
			productReference = 87EBDFBE2351831900CBCF67 /* MTA Arrival Times WatchKit Extension.appex */;
			productType = "com.apple.product-type.watchkit2-extension";
		};
/* End PBXNativeTarget section */

/* Begin PBXProject section */
		87EBDFA52351831700CBCF67 /* Project object */ = {
			isa = PBXProject;
			attributes = {
				LastSwiftUpdateCheck = 1100;
				LastUpgradeCheck = 1100;
				ORGANIZATIONNAME = "Trent Rand";
				TargetAttributes = {
					87EBDFAA2351831700CBCF67 = {
						CreatedOnToolsVersion = 11.0;
					};
					87EBDFAE2351831700CBCF67 = {
						CreatedOnToolsVersion = 11.0;
					};
					87EBDFBD2351831900CBCF67 = {
						CreatedOnToolsVersion = 11.0;
					};
				};
			};
			buildConfigurationList = 87EBDFA82351831700CBCF67 /* Build configuration list for PBXProject "MTA Arrival Times" */;
			compatibilityVersion = "Xcode 9.3";
			developmentRegion = en;
			hasScannedForEncodings = 0;
			knownRegions = (
				en,
				Base,
			);
			mainGroup = 87EBDFA42351831700CBCF67;
			productRefGroup = 87EBDFAC2351831700CBCF67 /* Products */;
			projectDirPath = "";
			projectRoot = "";
			targets = (
				87EBDFAA2351831700CBCF67 /* MTA Arrival Times */,
				87EBDFAE2351831700CBCF67 /* MTA Arrival Times WatchKit App */,
				87EBDFBD2351831900CBCF67 /* MTA Arrival Times WatchKit Extension */,
			);
		};
/* End PBXProject section */

/* Begin PBXResourcesBuildPhase section */
		87EBDFA92351831700CBCF67 /* Resources */ = {
			isa = PBXResourcesBuildPhase;
			buildActionMask = 2147483647;
			files = (
			);
			runOnlyForDeploymentPostprocessing = 0;
		};
		87EBDFAD2351831700CBCF67 /* Resources */ = {
			isa = PBXResourcesBuildPhase;
			buildActionMask = 2147483647;
			files = (
				87EBDFB82351831900CBCF67 /* Assets.xcassets in Resources */,
				87EBDFB62351831700CBCF67 /* Interface.storyboard in Resources */,
			);
			runOnlyForDeploymentPostprocessing = 0;
		};
		87EBDFBC2351831900CBCF67 /* Resources */ = {
			isa = PBXResourcesBuildPhase;
			buildActionMask = 2147483647;
			files = (
				87EBDFCF2351831900CBCF67 /* Preview Assets.xcassets in Resources */,
				87EBDFCC2351831900CBCF67 /* Assets.xcassets in Resources */,
			);
			runOnlyForDeploymentPostprocessing = 0;
		};
/* End PBXResourcesBuildPhase section */

/* Begin PBXSourcesBuildPhase section */
		87EBDFBA2351831900CBCF67 /* Sources */ = {
			isa = PBXSourcesBuildPhase;
			buildActionMask = 2147483647;
			files = (
				87EBDFC62351831900CBCF67 /* HostingController.swift in Sources */,
				87EBDFCA2351831900CBCF67 /* ComplicationController.swift in Sources */,
				87EBDFC42351831900CBCF67 /* ContentView.swift in Sources */,
				87EBDFC82351831900CBCF67 /* ExtensionDelegate.swift in Sources */,
			);
			runOnlyForDeploymentPostprocessing = 0;
		};
/* End PBXSourcesBuildPhase section */

/* Begin PBXTargetDependency section */
		87EBDFB22351831700CBCF67 /* PBXTargetDependency */ = {
			isa = PBXTargetDependency;
			target = 87EBDFAE2351831700CBCF67 /* MTA Arrival Times WatchKit App */;
			targetProxy = 87EBDFB12351831700CBCF67 /* PBXContainerItemProxy */;
		};
		87EBDFC12351831900CBCF67 /* PBXTargetDependency */ = {
			isa = PBXTargetDependency;
			target = 87EBDFBD2351831900CBCF67 /* MTA Arrival Times WatchKit Extension */;
			targetProxy = 87EBDFC02351831900CBCF67 /* PBXContainerItemProxy */;
		};
/* End PBXTargetDependency section */

/* Begin PBXVariantGroup section */
		87EBDFB42351831700CBCF67 /* Interface.storyboard */ = {
			isa = PBXVariantGroup;
			children = (
				87EBDFB52351831700CBCF67 /* Base */,
			);
			name = Interface.storyboard;
			sourceTree = "<group>";
		};
/* End PBXVariantGroup section */

/* Begin XCBuildConfiguration section */
		87EBDFD12351831900CBCF67 /* Debug */ = {
			isa = XCBuildConfiguration;
			buildSettings = {
				ALWAYS_SEARCH_USER_PATHS = NO;
				CLANG_ANALYZER_NONNULL = YES;
				CLANG_ANALYZER_NUMBER_OBJECT_CONVERSION = YES_AGGRESSIVE;
				CLANG_CXX_LANGUAGE_STANDARD = "gnu++14";
				CLANG_CXX_LIBRARY = "libc++";
				CLANG_ENABLE_MODULES = YES;
				CLANG_ENABLE_OBJC_ARC = YES;
				CLANG_ENABLE_OBJC_WEAK = YES;
				CLANG_WARN_BLOCK_CAPTURE_AUTORELEASING = YES;
				CLANG_WARN_BOOL_CONVERSION = YES;
				CLANG_WARN_COMMA = YES;
				CLANG_WARN_CONSTANT_CONVERSION = YES;
				CLANG_WARN_DEPRECATED_OBJC_IMPLEMENTATIONS = YES;
				CLANG_WARN_DIRECT_OBJC_ISA_USAGE = YES_ERROR;
				CLANG_WARN_DOCUMENTATION_COMMENTS = YES;
				CLANG_WARN_EMPTY_BODY = YES;
				CLANG_WARN_ENUM_CONVERSION = YES;
				CLANG_WARN_INFINITE_RECURSION = YES;
				CLANG_WARN_INT_CONVERSION = YES;
				CLANG_WARN_NON_LITERAL_NULL_CONVERSION = YES;
				CLANG_WARN_OBJC_IMPLICIT_RETAIN_SELF = YES;
				CLANG_WARN_OBJC_LITERAL_CONVERSION = YES;
				CLANG_WARN_OBJC_ROOT_CLASS = YES_ERROR;
				CLANG_WARN_RANGE_LOOP_ANALYSIS = YES;
				CLANG_WARN_STRICT_PROTOTYPES = YES;
				CLANG_WARN_SUSPICIOUS_MOVE = YES;
				CLANG_WARN_UNGUARDED_AVAILABILITY = YES_AGGRESSIVE;
				CLANG_WARN_UNREACHABLE_CODE = YES;
				CLANG_WARN__DUPLICATE_METHOD_MATCH = YES;
				COPY_PHASE_STRIP = NO;
				DEBUG_INFORMATION_FORMAT = dwarf;
				ENABLE_STRICT_OBJC_MSGSEND = YES;
				ENABLE_TESTABILITY = YES;
				GCC_C_LANGUAGE_STANDARD = gnu11;
				GCC_DYNAMIC_NO_PIC = NO;
				GCC_NO_COMMON_BLOCKS = YES;
				GCC_OPTIMIZATION_LEVEL = 0;
				GCC_PREPROCESSOR_DEFINITIONS = (
					"DEBUG=1",
					"$(inherited)",
				);
				GCC_WARN_64_TO_32_BIT_CONVERSION = YES;
				GCC_WARN_ABOUT_RETURN_TYPE = YES_ERROR;
				GCC_WARN_UNDECLARED_SELECTOR = YES;
				GCC_WARN_UNINITIALIZED_AUTOS = YES_AGGRESSIVE;
				GCC_WARN_UNUSED_FUNCTION = YES;
				GCC_WARN_UNUSED_VARIABLE = YES;
				MTL_ENABLE_DEBUG_INFO = INCLUDE_SOURCE;
				MTL_FAST_MATH = YES;
				ONLY_ACTIVE_ARCH = YES;
				SDKROOT = iphoneos;
				SWIFT_ACTIVE_COMPILATION_CONDITIONS = DEBUG;
				SWIFT_OPTIMIZATION_LEVEL = "-Onone";
			};
			name = Debug;
		};
		87EBDFD22351831900CBCF67 /* Release */ = {
			isa = XCBuildConfiguration;
			buildSettings = {
				ALWAYS_SEARCH_USER_PATHS = NO;
				CLANG_ANALYZER_NONNULL = YES;
				CLANG_ANALYZER_NUMBER_OBJECT_CONVERSION = YES_AGGRESSIVE;
				CLANG_CXX_LANGUAGE_STANDARD = "gnu++14";
				CLANG_CXX_LIBRARY = "libc++";
				CLANG_ENABLE_MODULES = YES;
				CLANG_ENABLE_OBJC_ARC = YES;
				CLANG_ENABLE_OBJC_WEAK = YES;
				CLANG_WARN_BLOCK_CAPTURE_AUTORELEASING = YES;
				CLANG_WARN_BOOL_CONVERSION = YES;
				CLANG_WARN_COMMA = YES;
				CLANG_WARN_CONSTANT_CONVERSION = YES;
				CLANG_WARN_DEPRECATED_OBJC_IMPLEMENTATIONS = YES;
				CLANG_WARN_DIRECT_OBJC_ISA_USAGE = YES_ERROR;
				CLANG_WARN_DOCUMENTATION_COMMENTS = YES;
				CLANG_WARN_EMPTY_BODY = YES;
				CLANG_WARN_ENUM_CONVERSION = YES;
				CLANG_WARN_INFINITE_RECURSION = YES;
				CLANG_WARN_INT_CONVERSION = YES;
				CLANG_WARN_NON_LITERAL_NULL_CONVERSION = YES;
				CLANG_WARN_OBJC_IMPLICIT_RETAIN_SELF = YES;
				CLANG_WARN_OBJC_LITERAL_CONVERSION = YES;
				CLANG_WARN_OBJC_ROOT_CLASS = YES_ERROR;
				CLANG_WARN_RANGE_LOOP_ANALYSIS = YES;
				CLANG_WARN_STRICT_PROTOTYPES = YES;
				CLANG_WARN_SUSPICIOUS_MOVE = YES;
				CLANG_WARN_UNGUARDED_AVAILABILITY = YES_AGGRESSIVE;
				CLANG_WARN_UNREACHABLE_CODE = YES;
				CLANG_WARN__DUPLICATE_METHOD_MATCH = YES;
				COPY_PHASE_STRIP = NO;
				DEBUG_INFORMATION_FORMAT = "dwarf-with-dsym";
				ENABLE_NS_ASSERTIONS = NO;
				ENABLE_STRICT_OBJC_MSGSEND = YES;
				GCC_C_LANGUAGE_STANDARD = gnu11;
				GCC_NO_COMMON_BLOCKS = YES;
				GCC_WARN_64_TO_32_BIT_CONVERSION = YES;
				GCC_WARN_ABOUT_RETURN_TYPE = YES_ERROR;
				GCC_WARN_UNDECLARED_SELECTOR = YES;
				GCC_WARN_UNINITIALIZED_AUTOS = YES_AGGRESSIVE;
				GCC_WARN_UNUSED_FUNCTION = YES;
				GCC_WARN_UNUSED_VARIABLE = YES;
				MTL_ENABLE_DEBUG_INFO = NO;
				MTL_FAST_MATH = YES;
				SDKROOT = iphoneos;
				SWIFT_COMPILATION_MODE = wholemodule;
				SWIFT_OPTIMIZATION_LEVEL = "-O";
				VALIDATE_PRODUCT = YES;
			};
			name = Release;
		};
		87EBDFD42351831900CBCF67 /* Debug */ = {
			isa = XCBuildConfiguration;
			buildSettings = {
				ASSETCATALOG_COMPILER_COMPLICATION_NAME = Complication;
				CODE_SIGN_STYLE = Automatic;
				DEVELOPMENT_ASSET_PATHS = "\"MTA Arrival Times WatchKit Extension\"/Preview\\ Content";
				DEVELOPMENT_TEAM = VYSX36K935;
				ENABLE_PREVIEWS = YES;
				INFOPLIST_FILE = "MTA Arrival Times WatchKit Extension/Info.plist";
				LD_RUNPATH_SEARCH_PATHS = (
					"$(inherited)",
					"@executable_path/Frameworks",
					"@executable_path/../../Frameworks",
				);
				PRODUCT_BUNDLE_IDENTIFIER = "trent-rand.MTA-Arrival-Times.watchkitapp.watchkitextension";
				PRODUCT_NAME = "${TARGET_NAME}";
				SDKROOT = watchos;
				SKIP_INSTALL = YES;
				SWIFT_VERSION = 5.0;
				TARGETED_DEVICE_FAMILY = 4;
				WATCHOS_DEPLOYMENT_TARGET = 6.0;
			};
			name = Debug;
		};
		87EBDFD52351831900CBCF67 /* Release */ = {
			isa = XCBuildConfiguration;
			buildSettings = {
				ASSETCATALOG_COMPILER_COMPLICATION_NAME = Complication;
				CODE_SIGN_STYLE = Automatic;
				DEVELOPMENT_ASSET_PATHS = "\"MTA Arrival Times WatchKit Extension\"/Preview\\ Content";
				DEVELOPMENT_TEAM = VYSX36K935;
				ENABLE_PREVIEWS = YES;
				INFOPLIST_FILE = "MTA Arrival Times WatchKit Extension/Info.plist";
				LD_RUNPATH_SEARCH_PATHS = (
					"$(inherited)",
					"@executable_path/Frameworks",
					"@executable_path/../../Frameworks",
				);
				PRODUCT_BUNDLE_IDENTIFIER = "trent-rand.MTA-Arrival-Times.watchkitapp.watchkitextension";
				PRODUCT_NAME = "${TARGET_NAME}";
				SDKROOT = watchos;
				SKIP_INSTALL = YES;
				SWIFT_VERSION = 5.0;
				TARGETED_DEVICE_FAMILY = 4;
				WATCHOS_DEPLOYMENT_TARGET = 6.0;
			};
			name = Release;
		};
		87EBDFD82351831900CBCF67 /* Debug */ = {
			isa = XCBuildConfiguration;
			buildSettings = {
				ALWAYS_EMBED_SWIFT_STANDARD_LIBRARIES = YES;
				ASSETCATALOG_COMPILER_APPICON_NAME = AppIcon;
				CODE_SIGN_STYLE = Automatic;
				DEVELOPMENT_TEAM = VYSX36K935;
				IBSC_MODULE = MTA_Arrival_Times_WatchKit_Extension;
				INFOPLIST_FILE = "MTA Arrival Times WatchKit App/Info.plist";
				PRODUCT_BUNDLE_IDENTIFIER = "trent-rand.MTA-Arrival-Times.watchkitapp";
				PRODUCT_NAME = "$(TARGET_NAME)";
				SDKROOT = watchos;
				SKIP_INSTALL = YES;
				SWIFT_VERSION = 5.0;
				TARGETED_DEVICE_FAMILY = 4;
				WATCHOS_DEPLOYMENT_TARGET = 6.0;
			};
			name = Debug;
		};
		87EBDFD92351831900CBCF67 /* Release */ = {
			isa = XCBuildConfiguration;
			buildSettings = {
				ALWAYS_EMBED_SWIFT_STANDARD_LIBRARIES = YES;
				ASSETCATALOG_COMPILER_APPICON_NAME = AppIcon;
				CODE_SIGN_STYLE = Automatic;
				DEVELOPMENT_TEAM = VYSX36K935;
				IBSC_MODULE = MTA_Arrival_Times_WatchKit_Extension;
				INFOPLIST_FILE = "MTA Arrival Times WatchKit App/Info.plist";
				PRODUCT_BUNDLE_IDENTIFIER = "trent-rand.MTA-Arrival-Times.watchkitapp";
				PRODUCT_NAME = "$(TARGET_NAME)";
				SDKROOT = watchos;
				SKIP_INSTALL = YES;
				SWIFT_VERSION = 5.0;
				TARGETED_DEVICE_FAMILY = 4;
				WATCHOS_DEPLOYMENT_TARGET = 6.0;
			};
			name = Release;
		};
		87EBDFDC2351831900CBCF67 /* Debug */ = {
			isa = XCBuildConfiguration;
			buildSettings = {
				CODE_SIGN_STYLE = Automatic;
				CURRENT_PROJECT_VERSION = 1;
				DEVELOPMENT_TEAM = VYSX36K935;
				MARKETING_VERSION = 1.0;
				PRODUCT_BUNDLE_IDENTIFIER = "trent-rand.MTA-Arrival-Times";
				PRODUCT_NAME = "$(TARGET_NAME)";
				SWIFT_VERSION = 5.0;
			};
			name = Debug;
		};
		87EBDFDD2351831900CBCF67 /* Release */ = {
			isa = XCBuildConfiguration;
			buildSettings = {
				CODE_SIGN_STYLE = Automatic;
				CURRENT_PROJECT_VERSION = 1;
				DEVELOPMENT_TEAM = VYSX36K935;
				MARKETING_VERSION = 1.0;
				PRODUCT_BUNDLE_IDENTIFIER = "trent-rand.MTA-Arrival-Times";
				PRODUCT_NAME = "$(TARGET_NAME)";
				SWIFT_VERSION = 5.0;
			};
			name = Release;
		};
/* End XCBuildConfiguration section */

/* Begin XCConfigurationList section */
		87EBDFA82351831700CBCF67 /* Build configuration list for PBXProject "MTA Arrival Times" */ = {
			isa = XCConfigurationList;
			buildConfigurations = (
				87EBDFD12351831900CBCF67 /* Debug */,
				87EBDFD22351831900CBCF67 /* Release */,
			);
			defaultConfigurationIsVisible = 0;
			defaultConfigurationName = Release;
		};
		87EBDFD32351831900CBCF67 /* Build configuration list for PBXNativeTarget "MTA Arrival Times WatchKit Extension" */ = {
			isa = XCConfigurationList;
			buildConfigurations = (
				87EBDFD42351831900CBCF67 /* Debug */,
				87EBDFD52351831900CBCF67 /* Release */,
			);
			defaultConfigurationIsVisible = 0;
			defaultConfigurationName = Release;
		};
		87EBDFD72351831900CBCF67 /* Build configuration list for PBXNativeTarget "MTA Arrival Times WatchKit App" */ = {
			isa = XCConfigurationList;
			buildConfigurations = (
				87EBDFD82351831900CBCF67 /* Debug */,
				87EBDFD92351831900CBCF67 /* Release */,
			);
			defaultConfigurationIsVisible = 0;
			defaultConfigurationName = Release;
		};
		87EBDFDB2351831900CBCF67 /* Build configuration list for PBXNativeTarget "MTA Arrival Times" */ = {
			isa = XCConfigurationList;
			buildConfigurations = (
				87EBDFDC2351831900CBCF67 /* Debug */,
				87EBDFDD2351831900CBCF67 /* Release */,
			);
			defaultConfigurationIsVisible = 0;
			defaultConfigurationName = Release;
		};
/* End XCConfigurationList section */
	};
	rootObject = 87EBDFA52351831700CBCF67 /* Project object */;
}
